
Microsoft Visual Studio Solution File, Format Version 12.00
# Visual Studio Version 16
VisualStudioVersion = 16.0.28803.452
MinimumVisualStudioVersion = 10.0.40219.1
Project("{9A19103F-16F7-4668-BE54-9A1E7A4F7556}") = "TicTacToe", "TicTacToe\TicTacToe.csproj", "{84120057-C5EF-4CE1-95FD-25E17A15A752}"
EndProject
Global
	GlobalSection(SolutionConfigurationPlatforms) = preSolution
		Debug|Any CPU = Debug|Any CPU
		Release|Any CPU = Release|Any CPU
	EndGlobalSection
	GlobalSection(ProjectConfigurationPlatforms) = postSolution
		{84120057-C5EF-4CE1-95FD-25E17A15A752}.Debug|Any CPU.ActiveCfg = Debug|Any CPU
		{84120057-C5EF-4CE1-95FD-25E17A15A752}.Debug|Any CPU.Build.0 = Debug|Any CPU
		{84120057-C5EF-4CE1-95FD-25E17A15A752}.Release|Any CPU.ActiveCfg = Release|Any CPU
		{84120057-C5EF-4CE1-95FD-25E17A15A752}.Release|Any CPU.Build.0 = Release|Any CPU
	EndGlobalSection
	GlobalSection(SolutionProperties) = preSolution
		HideSolutionNode = FALSE
	EndGlobalSection
	GlobalSection(ExtensibilityGlobals) = postSolution
		SolutionGuid = {EF3EF323-E563-45FC-BD82-30340262802A}
	EndGlobalSection
EndGlobal
